// !$*UTF8*$!
{
	archiveVersion = 1;
	classes = {
	};
	objectVersion = 50;
	objects = {

/* Begin PBXBuildFile section */
		9D63A80A26776733004A518D /* AppDelegate.swift in Sources */ = {isa = PBXBuildFile; fileRef = 9D63A80926776733004A518D /* AppDelegate.swift */; };
		9D63A80C26776733004A518D /* SceneDelegate.swift in Sources */ = {isa = PBXBuildFile; fileRef = 9D63A80B26776733004A518D /* SceneDelegate.swift */; };
		9D63A81326776734004A518D /* Assets.xcassets in Resources */ = {isa = PBXBuildFile; fileRef = 9D63A81226776734004A518D /* Assets.xcassets */; };
		9D63A81626776734004A518D /* LaunchScreen.storyboard in Resources */ = {isa = PBXBuildFile; fileRef = 9D63A81426776734004A518D /* LaunchScreen.storyboard */; };
		9D63A82026776783004A518D /* API.swift in Sources */ = {isa = PBXBuildFile; fileRef = 9D63A81F26776783004A518D /* API.swift */; };
		9D63A82226776D92004A518D /* APIManager.swift in Sources */ = {isa = PBXBuildFile; fileRef = 9D63A82126776D92004A518D /* APIManager.swift */; };
		9D63A82426776DCE004A518D /* API.Path.swift in Sources */ = {isa = PBXBuildFile; fileRef = 9D63A82326776DCE004A518D /* API.Path.swift */; };
		9D63A82626776E76004A518D /* API.Student.swift in Sources */ = {isa = PBXBuildFile; fileRef = 9D63A82526776E76004A518D /* API.Student.swift */; };
		9D63A82926777210004A518D /* Student.swift in Sources */ = {isa = PBXBuildFile; fileRef = 9D63A82826777210004A518D /* Student.swift */; };
		9D63A83526777D26004A518D /* ViewController.swift in Sources */ = {isa = PBXBuildFile; fileRef = 9D63A83326777D26004A518D /* ViewController.swift */; };
		9D63A83626777D26004A518D /* ViewController.xib in Resources */ = {isa = PBXBuildFile; fileRef = 9D63A83426777D26004A518D /* ViewController.xib */; };
		9D63A83926777EDE004A518D /* TableViewCell.swift in Sources */ = {isa = PBXBuildFile; fileRef = 9D63A83726777EDE004A518D /* TableViewCell.swift */; };
		9D63A83A26777EDE004A518D /* TableViewCell.xib in Resources */ = {isa = PBXBuildFile; fileRef = 9D63A83826777EDE004A518D /* TableViewCell.xib */; };
		9DC5BD2B267B58E500F0D184 /* API.Downloader.swift in Sources */ = {isa = PBXBuildFile; fileRef = 9DC5BD2A267B58E500F0D184 /* API.Downloader.swift */; };
/* End PBXBuildFile section */

/* Begin PBXFileReference section */
		9D63A80626776733004A518D /* Demo_CoreApi.app */ = {isa = PBXFileReference; explicitFileType = wrapper.application; includeInIndex = 0; path = Demo_CoreApi.app; sourceTree = BUILT_PRODUCTS_DIR; };
		9D63A80926776733004A518D /* AppDelegate.swift */ = {isa = PBXFileReference; lastKnownFileType = sourcecode.swift; path = AppDelegate.swift; sourceTree = "<group>"; };
		9D63A80B26776733004A518D /* SceneDelegate.swift */ = {isa = PBXFileReference; lastKnownFileType = sourcecode.swift; path = SceneDelegate.swift; sourceTree = "<group>"; };
		9D63A81226776734004A518D /* Assets.xcassets */ = {isa = PBXFileReference; lastKnownFileType = folder.assetcatalog; path = Assets.xcassets; sourceTree = "<group>"; };
		9D63A81526776734004A518D /* Base */ = {isa = PBXFileReference; lastKnownFileType = file.storyboard; name = Base; path = Base.lproj/LaunchScreen.storyboard; sourceTree = "<group>"; };
		9D63A81726776734004A518D /* Info.plist */ = {isa = PBXFileReference; lastKnownFileType = text.plist.xml; path = Info.plist; sourceTree = "<group>"; };
		9D63A81F26776783004A518D /* API.swift */ = {isa = PBXFileReference; lastKnownFileType = sourcecode.swift; path = API.swift; sourceTree = "<group>"; };
		9D63A82126776D92004A518D /* APIManager.swift */ = {isa = PBXFileReference; lastKnownFileType = sourcecode.swift; path = APIManager.swift; sourceTree = "<group>"; };
		9D63A82326776DCE004A518D /* API.Path.swift */ = {isa = PBXFileReference; lastKnownFileType = sourcecode.swift; path = API.Path.swift; sourceTree = "<group>"; };
		9D63A82526776E76004A518D /* API.Student.swift */ = {isa = PBXFileReference; lastKnownFileType = sourcecode.swift; path = API.Student.swift; sourceTree = "<group>"; };
		9D63A82826777210004A518D /* Student.swift */ = {isa = PBXFileReference; lastKnownFileType = sourcecode.swift; path = Student.swift; sourceTree = "<group>"; };
		9D63A83326777D26004A518D /* ViewController.swift */ = {isa = PBXFileReference; lastKnownFileType = sourcecode.swift; path = ViewController.swift; sourceTree = "<group>"; };
		9D63A83426777D26004A518D /* ViewController.xib */ = {isa = PBXFileReference; lastKnownFileType = file.xib; path = ViewController.xib; sourceTree = "<group>"; };
		9D63A83726777EDE004A518D /* TableViewCell.swift */ = {isa = PBXFileReference; lastKnownFileType = sourcecode.swift; path = TableViewCell.swift; sourceTree = "<group>"; };
		9D63A83826777EDE004A518D /* TableViewCell.xib */ = {isa = PBXFileReference; lastKnownFileType = file.xib; path = TableViewCell.xib; sourceTree = "<group>"; };
		9DC5BD2A267B58E500F0D184 /* API.Downloader.swift */ = {isa = PBXFileReference; lastKnownFileType = sourcecode.swift; path = API.Downloader.swift; sourceTree = "<group>"; };
/* End PBXFileReference section */

/* Begin PBXFrameworksBuildPhase section */
		9D63A80326776733004A518D /* Frameworks */ = {
			isa = PBXFrameworksBuildPhase;
			buildActionMask = 2147483647;
			files = (
			);
			runOnlyForDeploymentPostprocessing = 0;
		};
/* End PBXFrameworksBuildPhase section */

/* Begin PBXGroup section */
		9D63A7FD26776733004A518D = {
			isa = PBXGroup;
			children = (
				9D63A80826776733004A518D /* Demo_CoreApi */,
				9D63A80726776733004A518D /* Products */,
			);
			sourceTree = "<group>";
		};
		9D63A80726776733004A518D /* Products */ = {
			isa = PBXGroup;
			children = (
				9D63A80626776733004A518D /* Demo_CoreApi.app */,
			);
			name = Products;
			sourceTree = "<group>";
		};
		9D63A80826776733004A518D /* Demo_CoreApi */ = {
			isa = PBXGroup;
			children = (
				9D63A82E26777CEE004A518D /* Controllers */,
				9D63A82D26777CE5004A518D /* Views */,
				9D63A81D26776768004A518D /* Models */,
				9D63A82C26777CD2004A518D /* AppDelegate */,
				9D63A81226776734004A518D /* Assets.xcassets */,
				9D63A81426776734004A518D /* LaunchScreen.storyboard */,
				9D63A81726776734004A518D /* Info.plist */,
			);
			path = Demo_CoreApi;
			sourceTree = "<group>";
		};
		9D63A81D26776768004A518D /* Models */ = {
			isa = PBXGroup;
			children = (
				9D63A827267771A3004A518D /* Data */,
				9D63A81E2677676F004A518D /* Managers */,
			);
			path = Models;
			sourceTree = "<group>";
		};
		9D63A81E2677676F004A518D /* Managers */ = {
			isa = PBXGroup;
			children = (
				9D63A81F26776783004A518D /* API.swift */,
				9D63A82126776D92004A518D /* APIManager.swift */,
				9DC5BD2A267B58E500F0D184 /* API.Downloader.swift */,
				9D63A82326776DCE004A518D /* API.Path.swift */,
				9D63A82B267772B6004A518D /* APIStudent */,
			);
			name = Managers;
			sourceTree = "<group>";
		};
		9D63A827267771A3004A518D /* Data */ = {
			isa = PBXGroup;
			children = (
				9D63A82826777210004A518D /* Student.swift */,
			);
			name = Data;
			sourceTree = "<group>";
		};
		9D63A82B267772B6004A518D /* APIStudent */ = {
			isa = PBXGroup;
			children = (
				9D63A82526776E76004A518D /* API.Student.swift */,
			);
			name = APIStudent;
			sourceTree = "<group>";
		};
		9D63A82C26777CD2004A518D /* AppDelegate */ = {
			isa = PBXGroup;
			children = (
				9D63A80926776733004A518D /* AppDelegate.swift */,
				9D63A80B26776733004A518D /* SceneDelegate.swift */,
			);
			path = AppDelegate;
			sourceTree = "<group>";
		};
		9D63A82D26777CE5004A518D /* Views */ = {
			isa = PBXGroup;
			children = (
				9D63A83426777D26004A518D /* ViewController.xib */,
				9D63A83726777EDE004A518D /* TableViewCell.swift */,
				9D63A83826777EDE004A518D /* TableViewCell.xib */,
			);
			path = Views;
			sourceTree = "<group>";
		};
		9D63A82E26777CEE004A518D /* Controllers */ = {
			isa = PBXGroup;
			children = (
				9D63A83326777D26004A518D /* ViewController.swift */,
			);
			path = Controllers;
			sourceTree = "<group>";
		};
/* End PBXGroup section */

/* Begin PBXNativeTarget section */
		9D63A80526776733004A518D /* Demo_CoreApi */ = {
			isa = PBXNativeTarget;
			buildConfigurationList = 9D63A81A26776734004A518D /* Build configuration list for PBXNativeTarget "Demo_CoreApi" */;
			buildPhases = (
				9D63A80226776733004A518D /* Sources */,
				9D63A80326776733004A518D /* Frameworks */,
				9D63A80426776733004A518D /* Resources */,
			);
			buildRules = (
			);
			dependencies = (
			);
			name = Demo_CoreApi;
			productName = Demo_CoreApi;
			productReference = 9D63A80626776733004A518D /* Demo_CoreApi.app */;
			productType = "com.apple.product-type.application";
		};
/* End PBXNativeTarget section */

/* Begin PBXProject section */
		9D63A7FE26776733004A518D /* Project object */ = {
			isa = PBXProject;
			attributes = {
				LastSwiftUpdateCheck = 1250;
				LastUpgradeCheck = 1250;
				TargetAttributes = {
					9D63A80526776733004A518D = {
						CreatedOnToolsVersion = 12.5;
					};
				};
			};
			buildConfigurationList = 9D63A80126776733004A518D /* Build configuration list for PBXProject "Demo_CoreApi" */;
			compatibilityVersion = "Xcode 9.3";
			developmentRegion = en;
			hasScannedForEncodings = 0;
			knownRegions = (
				en,
				Base,
			);
			mainGroup = 9D63A7FD26776733004A518D;
			productRefGroup = 9D63A80726776733004A518D /* Products */;
			projectDirPath = "";
			projectRoot = "";
			targets = (
				9D63A80526776733004A518D /* Demo_CoreApi */,
			);
		};
/* End PBXProject section */

/* Begin PBXResourcesBuildPhase section */
		9D63A80426776733004A518D /* Resources */ = {
			isa = PBXResourcesBuildPhase;
			buildActionMask = 2147483647;
			files = (
				9D63A81626776734004A518D /* LaunchScreen.storyboard in Resources */,
				9D63A83A26777EDE004A518D /* TableViewCell.xib in Resources */,
				9D63A83626777D26004A518D /* ViewController.xib in Resources */,
				9D63A81326776734004A518D /* Assets.xcassets in Resources */,
			);
			runOnlyForDeploymentPostprocessing = 0;
		};
/* End PBXResourcesBuildPhase section */

/* Begin PBXSourcesBuildPhase section */
		9D63A80226776733004A518D /* Sources */ = {
			isa = PBXSourcesBuildPhase;
			buildActionMask = 2147483647;
			files = (
				9D63A80A26776733004A518D /* AppDelegate.swift in Sources */,
				9D63A82226776D92004A518D /* APIManager.swift in Sources */,
				9DC5BD2B267B58E500F0D184 /* API.Downloader.swift in Sources */,
				9D63A82026776783004A518D /* API.swift in Sources */,
				9D63A83926777EDE004A518D /* TableViewCell.swift in Sources */,
				9D63A82426776DCE004A518D /* API.Path.swift in Sources */,
				9D63A82626776E76004A518D /* API.Student.swift in Sources */,
				9D63A80C26776733004A518D /* SceneDelegate.swift in Sources */,
				9D63A83526777D26004A518D /* ViewController.swift in Sources */,
				9D63A82926777210004A518D /* Student.swift in Sources */,
			);
			runOnlyForDeploymentPostprocessing = 0;
		};
/* End PBXSourcesBuildPhase section */

/* Begin PBXVariantGroup section */
		9D63A81426776734004A518D /* LaunchScreen.storyboard */ = {
			isa = PBXVariantGroup;
			children = (
				9D63A81526776734004A518D /* Base */,
			);
			name = LaunchScreen.storyboard;
			sourceTree = "<group>";
		};
/* End PBXVariantGroup section */

/* Begin XCBuildConfiguration section */
		9D63A81826776734004A518D /* Debug */ = {
			isa = XCBuildConfiguration;
			buildSettings = {
				ALWAYS_SEARCH_USER_PATHS = NO;
				CLANG_ANALYZER_NONNULL = YES;
				CLANG_ANALYZER_NUMBER_OBJECT_CONVERSION = YES_AGGRESSIVE;
				CLANG_CXX_LANGUAGE_STANDARD = "gnu++14";
				CLANG_CXX_LIBRARY = "libc++";
				CLANG_ENABLE_MODULES = YES;
				CLANG_ENABLE_OBJC_ARC = YES;
				CLANG_ENABLE_OBJC_WEAK = YES;
				CLANG_WARN_BLOCK_CAPTURE_AUTORELEASING = YES;
				CLANG_WARN_BOOL_CONVERSION = YES;
				CLANG_WARN_COMMA = YES;
				CLANG_WARN_CONSTANT_CONVERSION = YES;
				CLANG_WARN_DEPRECATED_OBJC_IMPLEMENTATIONS = YES;
				CLANG_WARN_DIRECT_OBJC_ISA_USAGE = YES_ERROR;
				CLANG_WARN_DOCUMENTATION_COMMENTS = YES;
				CLANG_WARN_EMPTY_BODY = YES;
				CLANG_WARN_ENUM_CONVERSION = YES;
				CLANG_WARN_INFINITE_RECURSION = YES;
				CLANG_WARN_INT_CONVERSION = YES;
				CLANG_WARN_NON_LITERAL_NULL_CONVERSION = YES;
				CLANG_WARN_OBJC_IMPLICIT_RETAIN_SELF = YES;
				CLANG_WARN_OBJC_LITERAL_CONVERSION = YES;
				CLANG_WARN_OBJC_ROOT_CLASS = YES_ERROR;
				CLANG_WARN_QUOTED_INCLUDE_IN_FRAMEWORK_HEADER = YES;
				CLANG_WARN_RANGE_LOOP_ANALYSIS = YES;
				CLANG_WARN_STRICT_PROTOTYPES = YES;
				CLANG_WARN_SUSPICIOUS_MOVE = YES;
				CLANG_WARN_UNGUARDED_AVAILABILITY = YES_AGGRESSIVE;
				CLANG_WARN_UNREACHABLE_CODE = YES;
				CLANG_WARN__DUPLICATE_METHOD_MATCH = YES;
				COPY_PHASE_STRIP = NO;
				DEBUG_INFORMATION_FORMAT = dwarf;
				ENABLE_STRICT_OBJC_MSGSEND = YES;
				ENABLE_TESTABILITY = YES;
				GCC_C_LANGUAGE_STANDARD = gnu11;
				GCC_DYNAMIC_NO_PIC = NO;
				GCC_NO_COMMON_BLOCKS = YES;
				GCC_OPTIMIZATION_LEVEL = 0;
				GCC_PREPROCESSOR_DEFINITIONS = (
					"DEBUG=1",
					"$(inherited)",
				);
				GCC_WARN_64_TO_32_BIT_CONVERSION = YES;
				GCC_WARN_ABOUT_RETURN_TYPE = YES_ERROR;
				GCC_WARN_UNDECLARED_SELECTOR = YES;
				GCC_WARN_UNINITIALIZED_AUTOS = YES_AGGRESSIVE;
				GCC_WARN_UNUSED_FUNCTION = YES;
				GCC_WARN_UNUSED_VARIABLE = YES;
				IPHONEOS_DEPLOYMENT_TARGET = 14.5;
				MTL_ENABLE_DEBUG_INFO = INCLUDE_SOURCE;
				MTL_FAST_MATH = YES;
				ONLY_ACTIVE_ARCH = YES;
				SDKROOT = iphoneos;
				SWIFT_ACTIVE_COMPILATION_CONDITIONS = DEBUG;
				SWIFT_OPTIMIZATION_LEVEL = "-Onone";
			};
			name = Debug;
		};
		9D63A81926776734004A518D /* Release */ = {
			isa = XCBuildConfiguration;
			buildSettings = {
				ALWAYS_SEARCH_USER_PATHS = NO;
				CLANG_ANALYZER_NONNULL = YES;
				CLANG_ANALYZER_NUMBER_OBJECT_CONVERSION = YES_AGGRESSIVE;
				CLANG_CXX_LANGUAGE_STANDARD = "gnu++14";
				CLANG_CXX_LIBRARY = "libc++";
				CLANG_ENABLE_MODULES = YES;
				CLANG_ENABLE_OBJC_ARC = YES;
				CLANG_ENABLE_OBJC_WEAK = YES;
				CLANG_WARN_BLOCK_CAPTURE_AUTORELEASING = YES;
				CLANG_WARN_BOOL_CONVERSION = YES;
				CLANG_WARN_COMMA = YES;
				CLANG_WARN_CONSTANT_CONVERSION = YES;
				CLANG_WARN_DEPRECATED_OBJC_IMPLEMENTATIONS = YES;
				CLANG_WARN_DIRECT_OBJC_ISA_USAGE = YES_ERROR;
				CLANG_WARN_DOCUMENTATION_COMMENTS = YES;
				CLANG_WARN_EMPTY_BODY = YES;
				CLANG_WARN_ENUM_CONVERSION = YES;
				CLANG_WARN_INFINITE_RECURSION = YES;
				CLANG_WARN_INT_CONVERSION = YES;
				CLANG_WARN_NON_LITERAL_NULL_CONVERSION = YES;
				CLANG_WARN_OBJC_IMPLICIT_RETAIN_SELF = YES;
				CLANG_WARN_OBJC_LITERAL_CONVERSION = YES;
				CLANG_WARN_OBJC_ROOT_CLASS = YES_ERROR;
				CLANG_WARN_QUOTED_INCLUDE_IN_FRAMEWORK_HEADER = YES;
				CLANG_WARN_RANGE_LOOP_ANALYSIS = YES;
				CLANG_WARN_STRICT_PROTOTYPES = YES;
				CLANG_WARN_SUSPICIOUS_MOVE = YES;
				CLANG_WARN_UNGUARDED_AVAILABILITY = YES_AGGRESSIVE;
				CLANG_WARN_UNREACHABLE_CODE = YES;
				CLANG_WARN__DUPLICATE_METHOD_MATCH = YES;
				COPY_PHASE_STRIP = NO;
				DEBUG_INFORMATION_FORMAT = "dwarf-with-dsym";
				ENABLE_NS_ASSERTIONS = NO;
				ENABLE_STRICT_OBJC_MSGSEND = YES;
				GCC_C_LANGUAGE_STANDARD = gnu11;
				GCC_NO_COMMON_BLOCKS = YES;
				GCC_WARN_64_TO_32_BIT_CONVERSION = YES;
				GCC_WARN_ABOUT_RETURN_TYPE = YES_ERROR;
				GCC_WARN_UNDECLARED_SELECTOR = YES;
				GCC_WARN_UNINITIALIZED_AUTOS = YES_AGGRESSIVE;
				GCC_WARN_UNUSED_FUNCTION = YES;
				GCC_WARN_UNUSED_VARIABLE = YES;
				IPHONEOS_DEPLOYMENT_TARGET = 14.5;
				MTL_ENABLE_DEBUG_INFO = NO;
				MTL_FAST_MATH = YES;
				SDKROOT = iphoneos;
				SWIFT_COMPILATION_MODE = wholemodule;
				SWIFT_OPTIMIZATION_LEVEL = "-O";
				VALIDATE_PRODUCT = YES;
			};
			name = Release;
		};
		9D63A81B26776734004A518D /* Debug */ = {
			isa = XCBuildConfiguration;
			buildSettings = {
				ASSETCATALOG_COMPILER_APPICON_NAME = AppIcon;
				ASSETCATALOG_COMPILER_GLOBAL_ACCENT_COLOR_NAME = AccentColor;
				CODE_SIGN_STYLE = Automatic;
				DEVELOPMENT_TEAM = 5P7UJRT45U;
				INFOPLIST_FILE = Demo_CoreApi/Info.plist;
				LD_RUNPATH_SEARCH_PATHS = (
					"$(inherited)",
					"@executable_path/Frameworks",
				);
				PRODUCT_BUNDLE_IDENTIFIER = "com.vydk.Demo-CoreApi";
				PRODUCT_NAME = "$(TARGET_NAME)";
				SWIFT_VERSION = 5.0;
				TARGETED_DEVICE_FAMILY = "1,2";
			};
			name = Debug;
		};
		9D63A81C26776734004A518D /* Release */ = {
			isa = XCBuildConfiguration;
			buildSettings = {
				ASSETCATALOG_COMPILER_APPICON_NAME = AppIcon;
				ASSETCATALOG_COMPILER_GLOBAL_ACCENT_COLOR_NAME = AccentColor;
				CODE_SIGN_STYLE = Automatic;
				DEVELOPMENT_TEAM = 5P7UJRT45U;
				INFOPLIST_FILE = Demo_CoreApi/Info.plist;
				LD_RUNPATH_SEARCH_PATHS = (
					"$(inherited)",
					"@executable_path/Frameworks",
				);
				PRODUCT_BUNDLE_IDENTIFIER = "com.vydk.Demo-CoreApi";
				PRODUCT_NAME = "$(TARGET_NAME)";
				SWIFT_VERSION = 5.0;
				TARGETED_DEVICE_FAMILY = "1,2";
			};
			name = Release;
		};
/* End XCBuildConfiguration section */

/* Begin XCConfigurationList section */
		9D63A80126776733004A518D /* Build configuration list for PBXProject "Demo_CoreApi" */ = {
			isa = XCConfigurationList;
			buildConfigurations = (
				9D63A81826776734004A518D /* Debug */,
				9D63A81926776734004A518D /* Release */,
			);
			defaultConfigurationIsVisible = 0;
			defaultConfigurationName = Release;
		};
		9D63A81A26776734004A518D /* Build configuration list for PBXNativeTarget "Demo_CoreApi" */ = {
			isa = XCConfigurationList;
			buildConfigurations = (
				9D63A81B26776734004A518D /* Debug */,
				9D63A81C26776734004A518D /* Release */,
			);
			defaultConfigurationIsVisible = 0;
			defaultConfigurationName = Release;
		};
/* End XCConfigurationList section */
	};
	rootObject = 9D63A7FE26776733004A518D /* Project object */;
}
